
Microsoft Visual Studio Solution File, Format Version 12.00
# Visual Studio Version 17
VisualStudioVersion = 17.8.34525.116
MinimumVisualStudioVersion = 10.0.40219.1
Project("{FAE04EC0-301F-11D3-BF4B-00C04F79EFBC}") = "NonRepeating", "NonRepeating\NonRepeating.csproj", "{27207EBE-9F8F-4683-88D6-327AE405687C}"
EndProject
Global
	GlobalSection(SolutionConfigurationPlatforms) = preSolution
		Debug|Any CPU = Debug|Any CPU
		Release|Any CPU = Release|Any CPU
	EndGlobalSection
	GlobalSection(ProjectConfigurationPlatforms) = postSolution
		{27207EBE-9F8F-4683-88D6-327AE405687C}.Debug|Any CPU.ActiveCfg = Debug|Any CPU
		{27207EBE-9F8F-4683-88D6-327AE405687C}.Debug|Any CPU.Build.0 = Debug|Any CPU
		{27207EBE-9F8F-4683-88D6-327AE405687C}.Release|Any CPU.ActiveCfg = Release|Any CPU
		{27207EBE-9F8F-4683-88D6-327AE405687C}.Release|Any CPU.Build.0 = Release|Any CPU
	EndGlobalSection
	GlobalSection(SolutionProperties) = preSolution
		HideSolutionNode = FALSE
	EndGlobalSection
	GlobalSection(ExtensibilityGlobals) = postSolution
		SolutionGuid = {DE7BE750-C026-47DB-9633-1C262B66C6D7}
	EndGlobalSection
EndGlobal
